
Microsoft Visual Studio Solution File, Format Version 12.00
# Visual Studio 2012
Project("{FAE04EC0-301F-11D3-BF4B-00C04F79EFBC}") = "RGendarme", "RGendarme\RGendarme.csproj", "{C96EE4CA-9390-46E3-BB0B-B124E8EEA52F}"
EndProject
Project("{FAE04EC0-301F-11D3-BF4B-00C04F79EFBC}") = "RGendarme.Tests", "RGendarme.Tests\RGendarme.Tests.csproj", "{8972D490-68C1-4557-99EC-25F12993C9CC}"
EndProject
Global
	GlobalSection(SolutionConfigurationPlatforms) = preSolution
		Debug|Any CPU = Debug|Any CPU
		Release|Any CPU = Release|Any CPU
	EndGlobalSection
	GlobalSection(ProjectConfigurationPlatforms) = postSolution
		{C96EE4CA-9390-46E3-BB0B-B124E8EEA52F}.Debug|Any CPU.ActiveCfg = Debug|Any CPU
		{C96EE4CA-9390-46E3-BB0B-B124E8EEA52F}.Debug|Any CPU.Build.0 = Debug|Any CPU
		{C96EE4CA-9390-46E3-BB0B-B124E8EEA52F}.Release|Any CPU.ActiveCfg = Release|Any CPU
		{C96EE4CA-9390-46E3-BB0B-B124E8EEA52F}.Release|Any CPU.Build.0 = Release|Any CPU
		{8972D490-68C1-4557-99EC-25F12993C9CC}.Debug|Any CPU.ActiveCfg = Debug|Any CPU
		{8972D490-68C1-4557-99EC-25F12993C9CC}.Debug|Any CPU.Build.0 = Debug|Any CPU
		{8972D490-68C1-4557-99EC-25F12993C9CC}.Release|Any CPU.ActiveCfg = Release|Any CPU
		{8972D490-68C1-4557-99EC-25F12993C9CC}.Release|Any CPU.Build.0 = Release|Any CPU
	EndGlobalSection
	GlobalSection(SolutionProperties) = preSolution
		HideSolutionNode = FALSE
	EndGlobalSection
EndGlobal
